
Microsoft Visual Studio Solution File, Format Version 12.00
# Visual Studio Version 17
VisualStudioVersion = 17.8.34330.188
MinimumVisualStudioVersion = 10.0.40219.1
Project("{FAE04EC0-301F-11D3-BF4B-00C04F79EFBC}") = "Server", "Server.csproj", "{24521D64-FCE6-4066-A44C-22A1867CDC5C}"
EndProject
Global
	GlobalSection(SolutionConfigurationPlatforms) = preSolution
		Debug|Any CPU = Debug|Any CPU
		Release|Any CPU = Release|Any CPU
	EndGlobalSection
	GlobalSection(ProjectConfigurationPlatforms) = postSolution
		{24521D64-FCE6-4066-A44C-22A1867CDC5C}.Debug|Any CPU.ActiveCfg = Debug|Any CPU
		{24521D64-FCE6-4066-A44C-22A1867CDC5C}.Debug|Any CPU.Build.0 = Debug|Any CPU
		{24521D64-FCE6-4066-A44C-22A1867CDC5C}.Release|Any CPU.ActiveCfg = Release|Any CPU
		{24521D64-FCE6-4066-A44C-22A1867CDC5C}.Release|Any CPU.Build.0 = Release|Any CPU
	EndGlobalSection
	GlobalSection(SolutionProperties) = preSolution
		HideSolutionNode = FALSE
	EndGlobalSection
	GlobalSection(ExtensibilityGlobals) = postSolution
		SolutionGuid = {F22C8264-CE29-42E1-9A2C-63BDFA0B27E3}
	EndGlobalSection
EndGlobal
